
Microsoft Visual Studio Solution File, Format Version 12.00
# Visual Studio 2013
VisualStudioVersion = 12.0.21005.1
MinimumVisualStudioVersion = 10.0.40219.1
Project("{FAE04EC0-301F-11D3-BF4B-00C04F79EFBC}") = "BugManagement.DomainModel", "BugManagement.DomainModel\BugManagement.DomainModel.csproj", "{30C05ECA-BF37-4F8F-879C-3973C08E5319}"
EndProject
Project("{2150E333-8FDC-42A3-9474-1A3956D46DE8}") = "Application", "Application", "{2B3EFF4A-C6CB-4143-96DD-356198A8C80A}"
EndProject
Project("{2150E333-8FDC-42A3-9474-1A3956D46DE8}") = "Domain", "Domain", "{9AC49527-97CF-408A-A91F-59477F96C933}"
EndProject
Project("{2150E333-8FDC-42A3-9474-1A3956D46DE8}") = "Infrastructure", "Infrastructure", "{19D67CD7-F227-4FB4-8D7D-F04E2CA1DE56}"
EndProject
Project("{2150E333-8FDC-42A3-9474-1A3956D46DE8}") = "Presentation", "Presentation", "{A8E0D17A-191B-4F01-9334-3B1573BB0396}"
EndProject
Project("{FAE04EC0-301F-11D3-BF4B-00C04F79EFBC}") = "BugManagement.Web", "BugManagement.Web\BugManagement.Web.csproj", "{32AE6799-429C-47A5-AC0F-DCF2D96307BE}"
EndProject
Project("{FAE04EC0-301F-11D3-BF4B-00C04F79EFBC}") = "BugManagement.Persistence", "BugManagement.Persistence\BugManagement.Persistence.csproj", "{0B29108A-5B2E-4D00-8A42-D49BA0B66145}"
EndProject
Project("{2150E333-8FDC-42A3-9474-1A3956D46DE8}") = "Tests", "Tests", "{9090F6DF-1A3B-42ED-89FF-E43B3F52837F}"
EndProject
Project("{FAE04EC0-301F-11D3-BF4B-00C04F79EFBC}") = "BugManagement.Persistence.Tests", "BugManagement.Persistence.Tests\BugManagement.Persistence.Tests.csproj", "{4542AF4A-92C9-4B12-8816-43412A2E1820}"
EndProject
Project("{FAE04EC0-301F-11D3-BF4B-00C04F79EFBC}") = "BugManagement.ViewModel", "BugManagement.ViewModel\BugManagement.ViewModel.csproj", "{67D576B0-54A3-4BBD-B0F8-CDEE2DDACCCF}"
EndProject
Project("{FAE04EC0-301F-11D3-BF4B-00C04F79EFBC}") = "BugManagement.UICommand", "BugManagement.UICommand\BugManagement.UICommand.csproj", "{1219F604-B486-4A4B-ACEA-071158F443AB}"
EndProject
Project("{FAE04EC0-301F-11D3-BF4B-00C04F79EFBC}") = "BugManagement.ApplicationService", "BugManagement.ApplicationService\BugManagement.ApplicationService.csproj", "{E76FB007-90D2-4104-9922-A9E2CAAF67D7}"
EndProject
Project("{FAE04EC0-301F-11D3-BF4B-00C04F79EFBC}") = "BugManagement.DomainFactory", "BugManagement.DomainFactory\BugManagement.DomainFactory.csproj", "{0D70B96D-C61C-4AB5-B8EC-E40EDA8215FF}"
EndProject
Project("{FAE04EC0-301F-11D3-BF4B-00C04F79EFBC}") = "BugManagement.DomainService", "BugManagement.DomainService\BugManagement.DomainService.csproj", "{5BD60A42-9A82-43FB-845F-35FFFE6BEF7E}"
EndProject
Project("{FAE04EC0-301F-11D3-BF4B-00C04F79EFBC}") = "BugManagement.Repository", "BugManagement.Repository\BugManagement.Repository.csproj", "{305932F0-8894-45B8-A552-157D4FBDD703}"
EndProject
Project("{FAE04EC0-301F-11D3-BF4B-00C04F79EFBC}") = "BugManagement.IRepository", "BugManagement.IRepository\BugManagement.IRepository.csproj", "{AD56FFC4-3FF7-4F37-9560-A09249FCA713}"
EndProject
Project("{FAE04EC0-301F-11D3-BF4B-00C04F79EFBC}") = "BugManagement.UIService", "BugManagement.UIService\BugManagement.UIService.csproj", "{CDB7E3F6-0350-43B6-B59F-0C59F276699B}"
EndProject
Project("{2150E333-8FDC-42A3-9474-1A3956D46DE8}") = "DataTransferObjects", "DataTransferObjects", "{A8A0D81E-CC9D-421B-B6F0-0C74CDD739F9}"
EndProject
Project("{FAE04EC0-301F-11D3-BF4B-00C04F79EFBC}") = "BugManagement.Common", "BugManagement.Common\BugManagement.Common.csproj", "{8B9979E7-6D5E-4DEA-9553-FA554F6945BB}"
EndProject
Project("{FAE04EC0-301F-11D3-BF4B-00C04F79EFBC}") = "BugManagement.ApplicationDto", "BugManagement.ApplicationDto\BugManagement.ApplicationDto.csproj", "{3AFAE70F-BB00-439D-8C89-5E7CF4DA1340}"
EndProject
Project("{FAE04EC0-301F-11D3-BF4B-00C04F79EFBC}") = "BugManagement.DomainDto", "BugManagement.DomainDto\BugManagement.DomainDto.csproj", "{F2C38890-4CFC-4F7D-8B02-F0D008FC0F99}"
EndProject
Project("{2150E333-8FDC-42A3-9474-1A3956D46DE8}") = "Document", "Document", "{3C2A364F-23AC-41D9-9D96-BCD198395B9B}"
	ProjectSection(SolutionItems) = preProject
		READ ME.txt = READ ME.txt
	EndProjectSection
EndProject
Global
	GlobalSection(SolutionConfigurationPlatforms) = preSolution
		Debug|Any CPU = Debug|Any CPU
		Release|Any CPU = Release|Any CPU
	EndGlobalSection
	GlobalSection(ProjectConfigurationPlatforms) = postSolution
		{30C05ECA-BF37-4F8F-879C-3973C08E5319}.Debug|Any CPU.ActiveCfg = Debug|Any CPU
		{30C05ECA-BF37-4F8F-879C-3973C08E5319}.Debug|Any CPU.Build.0 = Debug|Any CPU
		{30C05ECA-BF37-4F8F-879C-3973C08E5319}.Release|Any CPU.ActiveCfg = Release|Any CPU
		{30C05ECA-BF37-4F8F-879C-3973C08E5319}.Release|Any CPU.Build.0 = Release|Any CPU
		{32AE6799-429C-47A5-AC0F-DCF2D96307BE}.Debug|Any CPU.ActiveCfg = Debug|Any CPU
		{32AE6799-429C-47A5-AC0F-DCF2D96307BE}.Debug|Any CPU.Build.0 = Debug|Any CPU
		{32AE6799-429C-47A5-AC0F-DCF2D96307BE}.Release|Any CPU.ActiveCfg = Release|Any CPU
		{32AE6799-429C-47A5-AC0F-DCF2D96307BE}.Release|Any CPU.Build.0 = Release|Any CPU
		{0B29108A-5B2E-4D00-8A42-D49BA0B66145}.Debug|Any CPU.ActiveCfg = Debug|Any CPU
		{0B29108A-5B2E-4D00-8A42-D49BA0B66145}.Debug|Any CPU.Build.0 = Debug|Any CPU
		{0B29108A-5B2E-4D00-8A42-D49BA0B66145}.Release|Any CPU.ActiveCfg = Release|Any CPU
		{0B29108A-5B2E-4D00-8A42-D49BA0B66145}.Release|Any CPU.Build.0 = Release|Any CPU
		{4542AF4A-92C9-4B12-8816-43412A2E1820}.Debug|Any CPU.ActiveCfg = Debug|Any CPU
		{4542AF4A-92C9-4B12-8816-43412A2E1820}.Debug|Any CPU.Build.0 = Debug|Any CPU
		{4542AF4A-92C9-4B12-8816-43412A2E1820}.Release|Any CPU.ActiveCfg = Release|Any CPU
		{4542AF4A-92C9-4B12-8816-43412A2E1820}.Release|Any CPU.Build.0 = Release|Any CPU
		{67D576B0-54A3-4BBD-B0F8-CDEE2DDACCCF}.Debug|Any CPU.ActiveCfg = Debug|Any CPU
		{67D576B0-54A3-4BBD-B0F8-CDEE2DDACCCF}.Debug|Any CPU.Build.0 = Debug|Any CPU
		{67D576B0-54A3-4BBD-B0F8-CDEE2DDACCCF}.Release|Any CPU.ActiveCfg = Release|Any CPU
		{67D576B0-54A3-4BBD-B0F8-CDEE2DDACCCF}.Release|Any CPU.Build.0 = Release|Any CPU
		{1219F604-B486-4A4B-ACEA-071158F443AB}.Debug|Any CPU.ActiveCfg = Debug|Any CPU
		{1219F604-B486-4A4B-ACEA-071158F443AB}.Debug|Any CPU.Build.0 = Debug|Any CPU
		{1219F604-B486-4A4B-ACEA-071158F443AB}.Release|Any CPU.ActiveCfg = Release|Any CPU
		{1219F604-B486-4A4B-ACEA-071158F443AB}.Release|Any CPU.Build.0 = Release|Any CPU
		{E76FB007-90D2-4104-9922-A9E2CAAF67D7}.Debug|Any CPU.ActiveCfg = Debug|Any CPU
		{E76FB007-90D2-4104-9922-A9E2CAAF67D7}.Debug|Any CPU.Build.0 = Debug|Any CPU
		{E76FB007-90D2-4104-9922-A9E2CAAF67D7}.Release|Any CPU.ActiveCfg = Release|Any CPU
		{E76FB007-90D2-4104-9922-A9E2CAAF67D7}.Release|Any CPU.Build.0 = Release|Any CPU
		{0D70B96D-C61C-4AB5-B8EC-E40EDA8215FF}.Debug|Any CPU.ActiveCfg = Debug|Any CPU
		{0D70B96D-C61C-4AB5-B8EC-E40EDA8215FF}.Debug|Any CPU.Build.0 = Debug|Any CPU
		{0D70B96D-C61C-4AB5-B8EC-E40EDA8215FF}.Release|Any CPU.ActiveCfg = Release|Any CPU
		{0D70B96D-C61C-4AB5-B8EC-E40EDA8215FF}.Release|Any CPU.Build.0 = Release|Any CPU
		{5BD60A42-9A82-43FB-845F-35FFFE6BEF7E}.Debug|Any CPU.ActiveCfg = Debug|Any CPU
		{5BD60A42-9A82-43FB-845F-35FFFE6BEF7E}.Debug|Any CPU.Build.0 = Debug|Any CPU
		{5BD60A42-9A82-43FB-845F-35FFFE6BEF7E}.Release|Any CPU.ActiveCfg = Release|Any CPU
		{5BD60A42-9A82-43FB-845F-35FFFE6BEF7E}.Release|Any CPU.Build.0 = Release|Any CPU
		{305932F0-8894-45B8-A552-157D4FBDD703}.Debug|Any CPU.ActiveCfg = Debug|Any CPU
		{305932F0-8894-45B8-A552-157D4FBDD703}.Debug|Any CPU.Build.0 = Debug|Any CPU
		{305932F0-8894-45B8-A552-157D4FBDD703}.Release|Any CPU.ActiveCfg = Release|Any CPU
		{305932F0-8894-45B8-A552-157D4FBDD703}.Release|Any CPU.Build.0 = Release|Any CPU
		{AD56FFC4-3FF7-4F37-9560-A09249FCA713}.Debug|Any CPU.ActiveCfg = Debug|Any CPU
		{AD56FFC4-3FF7-4F37-9560-A09249FCA713}.Debug|Any CPU.Build.0 = Debug|Any CPU
		{AD56FFC4-3FF7-4F37-9560-A09249FCA713}.Release|Any CPU.ActiveCfg = Release|Any CPU
		{AD56FFC4-3FF7-4F37-9560-A09249FCA713}.Release|Any CPU.Build.0 = Release|Any CPU
		{CDB7E3F6-0350-43B6-B59F-0C59F276699B}.Debug|Any CPU.ActiveCfg = Debug|Any CPU
		{CDB7E3F6-0350-43B6-B59F-0C59F276699B}.Debug|Any CPU.Build.0 = Debug|Any CPU
		{CDB7E3F6-0350-43B6-B59F-0C59F276699B}.Release|Any CPU.ActiveCfg = Release|Any CPU
		{CDB7E3F6-0350-43B6-B59F-0C59F276699B}.Release|Any CPU.Build.0 = Release|Any CPU
		{8B9979E7-6D5E-4DEA-9553-FA554F6945BB}.Debug|Any CPU.ActiveCfg = Debug|Any CPU
		{8B9979E7-6D5E-4DEA-9553-FA554F6945BB}.Debug|Any CPU.Build.0 = Debug|Any CPU
		{8B9979E7-6D5E-4DEA-9553-FA554F6945BB}.Release|Any CPU.ActiveCfg = Release|Any CPU
		{8B9979E7-6D5E-4DEA-9553-FA554F6945BB}.Release|Any CPU.Build.0 = Release|Any CPU
		{3AFAE70F-BB00-439D-8C89-5E7CF4DA1340}.Debug|Any CPU.ActiveCfg = Debug|Any CPU
		{3AFAE70F-BB00-439D-8C89-5E7CF4DA1340}.Debug|Any CPU.Build.0 = Debug|Any CPU
		{3AFAE70F-BB00-439D-8C89-5E7CF4DA1340}.Release|Any CPU.ActiveCfg = Release|Any CPU
		{3AFAE70F-BB00-439D-8C89-5E7CF4DA1340}.Release|Any CPU.Build.0 = Release|Any CPU
		{F2C38890-4CFC-4F7D-8B02-F0D008FC0F99}.Debug|Any CPU.ActiveCfg = Debug|Any CPU
		{F2C38890-4CFC-4F7D-8B02-F0D008FC0F99}.Debug|Any CPU.Build.0 = Debug|Any CPU
		{F2C38890-4CFC-4F7D-8B02-F0D008FC0F99}.Release|Any CPU.ActiveCfg = Release|Any CPU
		{F2C38890-4CFC-4F7D-8B02-F0D008FC0F99}.Release|Any CPU.Build.0 = Release|Any CPU
	EndGlobalSection
	GlobalSection(SolutionProperties) = preSolution
		HideSolutionNode = FALSE
	EndGlobalSection
	GlobalSection(NestedProjects) = preSolution
		{30C05ECA-BF37-4F8F-879C-3973C08E5319} = {9AC49527-97CF-408A-A91F-59477F96C933}
		{0D70B96D-C61C-4AB5-B8EC-E40EDA8215FF} = {9AC49527-97CF-408A-A91F-59477F96C933}
		{5BD60A42-9A82-43FB-845F-35FFFE6BEF7E} = {9AC49527-97CF-408A-A91F-59477F96C933}
		{AD56FFC4-3FF7-4F37-9560-A09249FCA713} = {9AC49527-97CF-408A-A91F-59477F96C933}
		{E76FB007-90D2-4104-9922-A9E2CAAF67D7} = {2B3EFF4A-C6CB-4143-96DD-356198A8C80A}
		{0B29108A-5B2E-4D00-8A42-D49BA0B66145} = {19D67CD7-F227-4FB4-8D7D-F04E2CA1DE56}
		{305932F0-8894-45B8-A552-157D4FBDD703} = {19D67CD7-F227-4FB4-8D7D-F04E2CA1DE56}
		{A8A0D81E-CC9D-421B-B6F0-0C74CDD739F9} = {19D67CD7-F227-4FB4-8D7D-F04E2CA1DE56}
		{8B9979E7-6D5E-4DEA-9553-FA554F6945BB} = {19D67CD7-F227-4FB4-8D7D-F04E2CA1DE56}
		{32AE6799-429C-47A5-AC0F-DCF2D96307BE} = {A8E0D17A-191B-4F01-9334-3B1573BB0396}
		{67D576B0-54A3-4BBD-B0F8-CDEE2DDACCCF} = {A8E0D17A-191B-4F01-9334-3B1573BB0396}
		{1219F604-B486-4A4B-ACEA-071158F443AB} = {A8E0D17A-191B-4F01-9334-3B1573BB0396}
		{CDB7E3F6-0350-43B6-B59F-0C59F276699B} = {A8E0D17A-191B-4F01-9334-3B1573BB0396}
		{4542AF4A-92C9-4B12-8816-43412A2E1820} = {9090F6DF-1A3B-42ED-89FF-E43B3F52837F}
		{3AFAE70F-BB00-439D-8C89-5E7CF4DA1340} = {A8A0D81E-CC9D-421B-B6F0-0C74CDD739F9}
		{F2C38890-4CFC-4F7D-8B02-F0D008FC0F99} = {A8A0D81E-CC9D-421B-B6F0-0C74CDD739F9}
	EndGlobalSection
EndGlobal
